
Microsoft Visual Studio Solution File, Format Version 12.00
Project("{FAE04EC0-301F-11D3-BF4B-00C04F79EFBC}") = "ProjectScanner", "ProjectScanner.csproj", "{A2C6028E-C706-41E1-A770-4AB96E7C42CB}"
EndProject
Global
	GlobalSection(SolutionConfigurationPlatforms) = preSolution
		Debug|Any CPU = Debug|Any CPU
		Release|Any CPU = Release|Any CPU
	EndGlobalSection
	GlobalSection(ProjectConfigurationPlatforms) = postSolution
		{A2C6028E-C706-41E1-A770-4AB96E7C42CB}.Debug|Any CPU.ActiveCfg = Debug|Any CPU
		{A2C6028E-C706-41E1-A770-4AB96E7C42CB}.Debug|Any CPU.Build.0 = Debug|Any CPU
		{A2C6028E-C706-41E1-A770-4AB96E7C42CB}.Release|Any CPU.ActiveCfg = Release|Any CPU
		{A2C6028E-C706-41E1-A770-4AB96E7C42CB}.Release|Any CPU.Build.0 = Release|Any CPU
	EndGlobalSection
EndGlobal
